
Microsoft Visual Studio Solution File, Format Version 12.00
# Visual Studio Version 16
VisualStudioVersion = 16.0.32901.82
MinimumVisualStudioVersion = 10.0.40219.1
Project("{C9674DCB-5085-4A16-B785-4C70DD1589BD}") = "SSIS PROJECT", "My_first_SSIS_Project\SSIS PROJECT.dtproj", "{07E50649-483E-48E7-8547-D06369BE3760}"
EndProject
Global
	GlobalSection(SolutionConfigurationPlatforms) = preSolution
		Development|Default = Development|Default
	EndGlobalSection
	GlobalSection(ProjectConfigurationPlatforms) = postSolution
		{07E50649-483E-48E7-8547-D06369BE3760}.Development|Default.ActiveCfg = Development
		{07E50649-483E-48E7-8547-D06369BE3760}.Development|Default.Build.0 = Development
	EndGlobalSection
	GlobalSection(SolutionProperties) = preSolution
		HideSolutionNode = FALSE
	EndGlobalSection
	GlobalSection(ExtensibilityGlobals) = postSolution
		SolutionGuid = {88385D9C-60F2-44C5-8561-46EE9B3D9EBB}
	EndGlobalSection
EndGlobal
